
Microsoft Visual Studio Solution File, Format Version 12.00
# Visual Studio Version 17
VisualStudioVersion = 17.7.34009.444
MinimumVisualStudioVersion = 10.0.40219.1
Project("{FAE04EC0-301F-11D3-BF4B-00C04F79EFBC}") = "1", "1\1.csproj", "{FAD9C1B3-4F99-4CC0-BE21-15E18256AD27}"
EndProject
Project("{FAE04EC0-301F-11D3-BF4B-00C04F79EFBC}") = "2", "2\2.csproj", "{D92E49DE-A581-49FF-BC17-9A32AE94E6CF}"
EndProject
Project("{FAE04EC0-301F-11D3-BF4B-00C04F79EFBC}") = "3", "3\3.csproj", "{D3EA83FD-7972-4E09-B107-4AC91B7CECB3}"
EndProject
Global
	GlobalSection(SolutionConfigurationPlatforms) = preSolution
		Debug|Any CPU = Debug|Any CPU
		Release|Any CPU = Release|Any CPU
	EndGlobalSection
	GlobalSection(ProjectConfigurationPlatforms) = postSolution
		{FAD9C1B3-4F99-4CC0-BE21-15E18256AD27}.Debug|Any CPU.ActiveCfg = Debug|Any CPU
		{FAD9C1B3-4F99-4CC0-BE21-15E18256AD27}.Debug|Any CPU.Build.0 = Debug|Any CPU
		{FAD9C1B3-4F99-4CC0-BE21-15E18256AD27}.Release|Any CPU.ActiveCfg = Release|Any CPU
		{FAD9C1B3-4F99-4CC0-BE21-15E18256AD27}.Release|Any CPU.Build.0 = Release|Any CPU
		{D92E49DE-A581-49FF-BC17-9A32AE94E6CF}.Debug|Any CPU.ActiveCfg = Debug|Any CPU
		{D92E49DE-A581-49FF-BC17-9A32AE94E6CF}.Debug|Any CPU.Build.0 = Debug|Any CPU
		{D92E49DE-A581-49FF-BC17-9A32AE94E6CF}.Release|Any CPU.ActiveCfg = Release|Any CPU
		{D92E49DE-A581-49FF-BC17-9A32AE94E6CF}.Release|Any CPU.Build.0 = Release|Any CPU
		{D3EA83FD-7972-4E09-B107-4AC91B7CECB3}.Debug|Any CPU.ActiveCfg = Debug|Any CPU
		{D3EA83FD-7972-4E09-B107-4AC91B7CECB3}.Debug|Any CPU.Build.0 = Debug|Any CPU
		{D3EA83FD-7972-4E09-B107-4AC91B7CECB3}.Release|Any CPU.ActiveCfg = Release|Any CPU
		{D3EA83FD-7972-4E09-B107-4AC91B7CECB3}.Release|Any CPU.Build.0 = Release|Any CPU
	EndGlobalSection
	GlobalSection(SolutionProperties) = preSolution
		HideSolutionNode = FALSE
	EndGlobalSection
	GlobalSection(ExtensibilityGlobals) = postSolution
		SolutionGuid = {59FF20F7-1D2C-4679-8B67-2B805013F429}
	EndGlobalSection
EndGlobal
